
Microsoft Visual Studio Solution File, Format Version 12.00
# Visual Studio Version 16
VisualStudioVersion = 16.0.30413.136
MinimumVisualStudioVersion = 10.0.40219.1
Project("{FAE04EC0-301F-11D3-BF4B-00C04F79EFBC}") = "rekenmachiene", "rekenmachiene.csproj", "{4106BEEB-537F-45D9-BE16-3CB2A87C4F10}"
EndProject
Global
	GlobalSection(SolutionConfigurationPlatforms) = preSolution
		Debug|Any CPU = Debug|Any CPU
		Release|Any CPU = Release|Any CPU
	EndGlobalSection
	GlobalSection(ProjectConfigurationPlatforms) = postSolution
		{4106BEEB-537F-45D9-BE16-3CB2A87C4F10}.Debug|Any CPU.ActiveCfg = Debug|Any CPU
		{4106BEEB-537F-45D9-BE16-3CB2A87C4F10}.Debug|Any CPU.Build.0 = Debug|Any CPU
		{4106BEEB-537F-45D9-BE16-3CB2A87C4F10}.Release|Any CPU.ActiveCfg = Release|Any CPU
		{4106BEEB-537F-45D9-BE16-3CB2A87C4F10}.Release|Any CPU.Build.0 = Release|Any CPU
	EndGlobalSection
	GlobalSection(SolutionProperties) = preSolution
		HideSolutionNode = FALSE
	EndGlobalSection
	GlobalSection(ExtensibilityGlobals) = postSolution
		SolutionGuid = {77427482-299D-47E9-AAE5-B8E8017167AB}
	EndGlobalSection
EndGlobal
